
Microsoft Visual Studio Solution File, Format Version 12.00
# Visual Studio Version 17
VisualStudioVersion = 17.10.35027.167
MinimumVisualStudioVersion = 10.0.40219.1
Project("{9A19103F-16F7-4668-BE54-9A1E7A4F7556}") = "CustomerApi", "CustomerApi.csproj", "{BF962FDE-9187-48B1-9A09-FD2068718B45}"
EndProject
Global
	GlobalSection(SolutionConfigurationPlatforms) = preSolution
		Debug|Any CPU = Debug|Any CPU
		Release|Any CPU = Release|Any CPU
	EndGlobalSection
	GlobalSection(ProjectConfigurationPlatforms) = postSolution
		{BF962FDE-9187-48B1-9A09-FD2068718B45}.Debug|Any CPU.ActiveCfg = Debug|Any CPU
		{BF962FDE-9187-48B1-9A09-FD2068718B45}.Debug|Any CPU.Build.0 = Debug|Any CPU
		{BF962FDE-9187-48B1-9A09-FD2068718B45}.Release|Any CPU.ActiveCfg = Release|Any CPU
		{BF962FDE-9187-48B1-9A09-FD2068718B45}.Release|Any CPU.Build.0 = Release|Any CPU
	EndGlobalSection
	GlobalSection(SolutionProperties) = preSolution
		HideSolutionNode = FALSE
	EndGlobalSection
	GlobalSection(ExtensibilityGlobals) = postSolution
		SolutionGuid = {4A23FB7D-4EC0-48F7-8400-B51D3A8E316F}
	EndGlobalSection
EndGlobal
